
Microsoft Visual Studio Solution File, Format Version 12.00
# Visual Studio 15
VisualStudioVersion = 15.0.28218.60
MinimumVisualStudioVersion = 10.0.40219.1
Project("{9A19103F-16F7-4668-BE54-9A1E7A4F7556}") = "TicTacToe", "TicTacToe\TicTacToe.csproj", "{B5ADD5DE-BD8E-4B39-BEC8-1E47C2235A5B}"
EndProject
Project("{9A19103F-16F7-4668-BE54-9A1E7A4F7556}") = "TicTacToe.Tests", "TicTacToe.Tests\TicTacToe.Tests.csproj", "{9022B43B-8A83-4592-BF78-2C2D33CA1D79}"
EndProject
Project("{2150E333-8FDC-42A3-9474-1A3956D46DE8}") = "TDD_Katas", "TDD_Katas", "{D855AA80-40F5-4048-A999-D72E25593125}"
	ProjectSection(SolutionItems) = preProject
		..\tdd_katas\tdd_kata1.md = ..\tdd_katas\tdd_kata1.md
		..\tdd_katas\tdd_kata2.md = ..\tdd_katas\tdd_kata2.md
		..\tdd_katas\tdd_kata3.md = ..\tdd_katas\tdd_kata3.md
		..\tdd_katas\tdd_kata4.md = ..\tdd_katas\tdd_kata4.md
		..\tdd_katas\tdd_kata5.md = ..\tdd_katas\tdd_kata5.md
		..\tdd_katas\tdd_kata6.md = ..\tdd_katas\tdd_kata6.md
		..\tdd_katas\tdd_kata7.md = ..\tdd_katas\tdd_kata7.md
		..\tdd_katas\tdd_kata8.md = ..\tdd_katas\tdd_kata8.md
		..\tdd_katas\tdd_kata_intro.md = ..\tdd_katas\tdd_kata_intro.md
	EndProjectSection
EndProject
Project("{2150E333-8FDC-42A3-9474-1A3956D46DE8}") = "Presentations", "Presentations", "{A53A214F-0ED2-4BF9-AA9A-25D61217FE46}"
	ProjectSection(SolutionItems) = preProject
		..\presentations\Unit Testing Day 1.pptx = ..\presentations\Unit Testing Day 1.pptx
	EndProjectSection
EndProject
Project("{2150E333-8FDC-42A3-9474-1A3956D46DE8}") = "Feedback", "Feedback", "{72123FDB-5DE3-4513-B0D9-2FB4F9757B5A}"
	ProjectSection(SolutionItems) = preProject
		..\Feedback\2018-11-09 Day 1.txt = ..\Feedback\2018-11-09 Day 1.txt
	EndProjectSection
EndProject
Global
	GlobalSection(SolutionConfigurationPlatforms) = preSolution
		Debug|Any CPU = Debug|Any CPU
		Release|Any CPU = Release|Any CPU
	EndGlobalSection
	GlobalSection(ProjectConfigurationPlatforms) = postSolution
		{B5ADD5DE-BD8E-4B39-BEC8-1E47C2235A5B}.Debug|Any CPU.ActiveCfg = Debug|Any CPU
		{B5ADD5DE-BD8E-4B39-BEC8-1E47C2235A5B}.Debug|Any CPU.Build.0 = Debug|Any CPU
		{B5ADD5DE-BD8E-4B39-BEC8-1E47C2235A5B}.Release|Any CPU.ActiveCfg = Release|Any CPU
		{B5ADD5DE-BD8E-4B39-BEC8-1E47C2235A5B}.Release|Any CPU.Build.0 = Release|Any CPU
		{9022B43B-8A83-4592-BF78-2C2D33CA1D79}.Debug|Any CPU.ActiveCfg = Debug|Any CPU
		{9022B43B-8A83-4592-BF78-2C2D33CA1D79}.Debug|Any CPU.Build.0 = Debug|Any CPU
		{9022B43B-8A83-4592-BF78-2C2D33CA1D79}.Release|Any CPU.ActiveCfg = Release|Any CPU
		{9022B43B-8A83-4592-BF78-2C2D33CA1D79}.Release|Any CPU.Build.0 = Release|Any CPU
	EndGlobalSection
	GlobalSection(SolutionProperties) = preSolution
		HideSolutionNode = FALSE
	EndGlobalSection
	GlobalSection(ExtensibilityGlobals) = postSolution
		SolutionGuid = {B6E1009B-8615-4B5F-BECB-A60E32182F07}
	EndGlobalSection
EndGlobal
