
Microsoft Visual Studio Solution File, Format Version 12.00
# Visual Studio 15
VisualStudioVersion = 15.0.28218.60
MinimumVisualStudioVersion = 10.0.40219.1
Project("{9A19103F-16F7-4668-BE54-9A1E7A4F7556}") = "TicTacToe.Tests.xUnit", "TicTacToe.Tests.xUnit\TicTacToe.Tests.xUnit.csproj", "{082ECAD8-8F8C-4074-A8C6-2500C26161C5}"
EndProject
Project("{9A19103F-16F7-4668-BE54-9A1E7A4F7556}") = "TicTacToe.Tests.MSTest", "TicTacToe.Tests.MSTest\TicTacToe.Tests.MSTest.csproj", "{FE27472E-EEC7-4403-9F45-9EDF5EB8B125}"
EndProject
Project("{9A19103F-16F7-4668-BE54-9A1E7A4F7556}") = "TicTacToe.Tests.NUnit", "TicTacToe.Tests.NUnit\TicTacToe.Tests.NUnit.csproj", "{D2450F2A-2AF8-4A30-9C91-023527744A32}"
EndProject
Project("{9A19103F-16F7-4668-BE54-9A1E7A4F7556}") = "TicTacToe.Tests.xUnit.Moq", "TicTacToe.Tests.xUnit.Moq\TicTacToe.Tests.xUnit.Moq.csproj", "{0A6A6074-C4FE-41A2-90EE-91ED831106D8}"
EndProject
Project("{9A19103F-16F7-4668-BE54-9A1E7A4F7556}") = "TicTacToe.Tests.xUnit.NMock", "TicTacToe.Tests.xUnit.NMock\TicTacToe.Tests.xUnit.NMock.csproj", "{759A17E0-E71C-4D17-8494-13F56AD195BF}"
EndProject
Project("{9A19103F-16F7-4668-BE54-9A1E7A4F7556}") = "TicTacToe.Tests.xUnit.NSubstitute", "TicTacToe.Tests.xUnit.NSubstitute\TicTacToe.Tests.xUnit.NSubstitute.csproj", "{B0467FE9-75DB-4721-95F0-EA25A27B01B6}"
EndProject
Project("{9A19103F-16F7-4668-BE54-9A1E7A4F7556}") = "TicTacToe.Tests.xUnit.NSubstitute.FluentAssertions", "TicTacToe.Tests.xUnit.NSubstitute.FluentAssertions\TicTacToe.Tests.xUnit.NSubstitute.FluentAssertions.csproj", "{5EC3C3E8-33F4-4775-BB79-2C9515748A4D}"
EndProject
Project("{9A19103F-16F7-4668-BE54-9A1E7A4F7556}") = "TicTacToe", "TicTacToe\TicTacToe.csproj", "{6E8A7BDA-9D93-4661-982A-12404FA1C814}"
EndProject
Project("{2150E333-8FDC-42A3-9474-1A3956D46DE8}") = "TicTacToe", "TicTacToe", "{4B5E090F-B118-4ADB-B725-B3B0181D408F}"
EndProject
Project("{2150E333-8FDC-42A3-9474-1A3956D46DE8}") = "Demos", "Demos", "{C1100F52-9B66-4F5C-BF9C-E228062A610F}"
EndProject
Project("{2150E333-8FDC-42A3-9474-1A3956D46DE8}") = "01 Frameworks", "01 Frameworks", "{2B96CCB7-18DF-460D-A3BE-C3668BDD42FA}"
EndProject
Project("{2150E333-8FDC-42A3-9474-1A3956D46DE8}") = "02 Mocking", "02 Mocking", "{F72A7C13-88D4-4513-8B4B-F42813244D34}"
EndProject
Project("{2150E333-8FDC-42A3-9474-1A3956D46DE8}") = "03 Assertions", "03 Assertions", "{3C9C36A1-71E9-47C7-BFB5-A8BC887706B8}"
EndProject
Project("{FAE04EC0-301F-11D3-BF4B-00C04F79EFBC}") = "TicTacToe.Tests.xUnit.NSubstitute.Shouldly", "TicTacToe.Tests.xUnit.NSubstitute.Shouldly\TicTacToe.Tests.xUnit.NSubstitute.Shouldly.csproj", "{EC09C80B-DB8E-4689-A372-BBF775D117C4}"
EndProject
Global
	GlobalSection(SolutionConfigurationPlatforms) = preSolution
		Debug|Any CPU = Debug|Any CPU
		Release|Any CPU = Release|Any CPU
	EndGlobalSection
	GlobalSection(ProjectConfigurationPlatforms) = postSolution
		{082ECAD8-8F8C-4074-A8C6-2500C26161C5}.Debug|Any CPU.ActiveCfg = Debug|Any CPU
		{082ECAD8-8F8C-4074-A8C6-2500C26161C5}.Debug|Any CPU.Build.0 = Debug|Any CPU
		{082ECAD8-8F8C-4074-A8C6-2500C26161C5}.Release|Any CPU.ActiveCfg = Release|Any CPU
		{082ECAD8-8F8C-4074-A8C6-2500C26161C5}.Release|Any CPU.Build.0 = Release|Any CPU
		{FE27472E-EEC7-4403-9F45-9EDF5EB8B125}.Debug|Any CPU.ActiveCfg = Debug|Any CPU
		{FE27472E-EEC7-4403-9F45-9EDF5EB8B125}.Debug|Any CPU.Build.0 = Debug|Any CPU
		{FE27472E-EEC7-4403-9F45-9EDF5EB8B125}.Release|Any CPU.ActiveCfg = Release|Any CPU
		{FE27472E-EEC7-4403-9F45-9EDF5EB8B125}.Release|Any CPU.Build.0 = Release|Any CPU
		{D2450F2A-2AF8-4A30-9C91-023527744A32}.Debug|Any CPU.ActiveCfg = Debug|Any CPU
		{D2450F2A-2AF8-4A30-9C91-023527744A32}.Debug|Any CPU.Build.0 = Debug|Any CPU
		{D2450F2A-2AF8-4A30-9C91-023527744A32}.Release|Any CPU.ActiveCfg = Release|Any CPU
		{D2450F2A-2AF8-4A30-9C91-023527744A32}.Release|Any CPU.Build.0 = Release|Any CPU
		{0A6A6074-C4FE-41A2-90EE-91ED831106D8}.Debug|Any CPU.ActiveCfg = Debug|Any CPU
		{0A6A6074-C4FE-41A2-90EE-91ED831106D8}.Debug|Any CPU.Build.0 = Debug|Any CPU
		{0A6A6074-C4FE-41A2-90EE-91ED831106D8}.Release|Any CPU.ActiveCfg = Release|Any CPU
		{0A6A6074-C4FE-41A2-90EE-91ED831106D8}.Release|Any CPU.Build.0 = Release|Any CPU
		{759A17E0-E71C-4D17-8494-13F56AD195BF}.Debug|Any CPU.ActiveCfg = Debug|Any CPU
		{759A17E0-E71C-4D17-8494-13F56AD195BF}.Debug|Any CPU.Build.0 = Debug|Any CPU
		{759A17E0-E71C-4D17-8494-13F56AD195BF}.Release|Any CPU.ActiveCfg = Release|Any CPU
		{759A17E0-E71C-4D17-8494-13F56AD195BF}.Release|Any CPU.Build.0 = Release|Any CPU
		{B0467FE9-75DB-4721-95F0-EA25A27B01B6}.Debug|Any CPU.ActiveCfg = Debug|Any CPU
		{B0467FE9-75DB-4721-95F0-EA25A27B01B6}.Debug|Any CPU.Build.0 = Debug|Any CPU
		{B0467FE9-75DB-4721-95F0-EA25A27B01B6}.Release|Any CPU.ActiveCfg = Release|Any CPU
		{B0467FE9-75DB-4721-95F0-EA25A27B01B6}.Release|Any CPU.Build.0 = Release|Any CPU
		{5EC3C3E8-33F4-4775-BB79-2C9515748A4D}.Debug|Any CPU.ActiveCfg = Debug|Any CPU
		{5EC3C3E8-33F4-4775-BB79-2C9515748A4D}.Debug|Any CPU.Build.0 = Debug|Any CPU
		{5EC3C3E8-33F4-4775-BB79-2C9515748A4D}.Release|Any CPU.ActiveCfg = Release|Any CPU
		{5EC3C3E8-33F4-4775-BB79-2C9515748A4D}.Release|Any CPU.Build.0 = Release|Any CPU
		{6E8A7BDA-9D93-4661-982A-12404FA1C814}.Debug|Any CPU.ActiveCfg = Debug|Any CPU
		{6E8A7BDA-9D93-4661-982A-12404FA1C814}.Debug|Any CPU.Build.0 = Debug|Any CPU
		{6E8A7BDA-9D93-4661-982A-12404FA1C814}.Release|Any CPU.ActiveCfg = Release|Any CPU
		{6E8A7BDA-9D93-4661-982A-12404FA1C814}.Release|Any CPU.Build.0 = Release|Any CPU
		{EC09C80B-DB8E-4689-A372-BBF775D117C4}.Debug|Any CPU.ActiveCfg = Debug|Any CPU
		{EC09C80B-DB8E-4689-A372-BBF775D117C4}.Debug|Any CPU.Build.0 = Debug|Any CPU
		{EC09C80B-DB8E-4689-A372-BBF775D117C4}.Release|Any CPU.ActiveCfg = Release|Any CPU
		{EC09C80B-DB8E-4689-A372-BBF775D117C4}.Release|Any CPU.Build.0 = Release|Any CPU
	EndGlobalSection
	GlobalSection(SolutionProperties) = preSolution
		HideSolutionNode = FALSE
	EndGlobalSection
	GlobalSection(NestedProjects) = preSolution
		{082ECAD8-8F8C-4074-A8C6-2500C26161C5} = {2B96CCB7-18DF-460D-A3BE-C3668BDD42FA}
		{FE27472E-EEC7-4403-9F45-9EDF5EB8B125} = {2B96CCB7-18DF-460D-A3BE-C3668BDD42FA}
		{D2450F2A-2AF8-4A30-9C91-023527744A32} = {2B96CCB7-18DF-460D-A3BE-C3668BDD42FA}
		{0A6A6074-C4FE-41A2-90EE-91ED831106D8} = {F72A7C13-88D4-4513-8B4B-F42813244D34}
		{759A17E0-E71C-4D17-8494-13F56AD195BF} = {F72A7C13-88D4-4513-8B4B-F42813244D34}
		{B0467FE9-75DB-4721-95F0-EA25A27B01B6} = {F72A7C13-88D4-4513-8B4B-F42813244D34}
		{5EC3C3E8-33F4-4775-BB79-2C9515748A4D} = {3C9C36A1-71E9-47C7-BFB5-A8BC887706B8}
		{6E8A7BDA-9D93-4661-982A-12404FA1C814} = {4B5E090F-B118-4ADB-B725-B3B0181D408F}
		{2B96CCB7-18DF-460D-A3BE-C3668BDD42FA} = {C1100F52-9B66-4F5C-BF9C-E228062A610F}
		{F72A7C13-88D4-4513-8B4B-F42813244D34} = {C1100F52-9B66-4F5C-BF9C-E228062A610F}
		{3C9C36A1-71E9-47C7-BFB5-A8BC887706B8} = {C1100F52-9B66-4F5C-BF9C-E228062A610F}
		{EC09C80B-DB8E-4689-A372-BBF775D117C4} = {3C9C36A1-71E9-47C7-BFB5-A8BC887706B8}
	EndGlobalSection
	GlobalSection(ExtensibilityGlobals) = postSolution
		SolutionGuid = {B6E1009B-8615-4B5F-BECB-A60E32182F07}
	EndGlobalSection
EndGlobal
